
Microsoft Visual Studio Solution File, Format Version 12.00
Project("{FAE04EC0-301F-11D3-BF4B-00C04F79EFBC}") = "R6Downloader", "R6Downloader\R6Downloader.csproj", "{50BC5D9A-A8CB-4CA0-A603-D68193A19AF4}"
EndProject
Global
	GlobalSection(SolutionConfigurationPlatforms) = preSolution
		Debug|Any CPU = Debug|Any CPU
		Release|Any CPU = Release|Any CPU
	EndGlobalSection
	GlobalSection(ProjectConfigurationPlatforms) = postSolution
		{50BC5D9A-A8CB-4CA0-A603-D68193A19AF4}.Debug|Any CPU.ActiveCfg = Debug|Any CPU
		{50BC5D9A-A8CB-4CA0-A603-D68193A19AF4}.Debug|Any CPU.Build.0 = Debug|Any CPU
		{50BC5D9A-A8CB-4CA0-A603-D68193A19AF4}.Release|Any CPU.ActiveCfg = Release|Any CPU
		{50BC5D9A-A8CB-4CA0-A603-D68193A19AF4}.Release|Any CPU.Build.0 = Release|Any CPU
	EndGlobalSection
EndGlobal
